// !$*UTF8*$!
{
	archiveVersion = 1;
	classes = {
	};
	objectVersion = 56;
	objects = {

/* Begin PBXBuildFile section */
		200000000000000000000001 /* SANUnlinkApp.swift in Sources */ = {isa = PBXBuildFile; fileRef = 100000000000000000000001 /* SANUnlinkApp.swift */; };
		200000000000000000000002 /* AppDelegate.swift in Sources */ = {isa = PBXBuildFile; fileRef = 100000000000000000000002 /* AppDelegate.swift */; };
		200000000000000000000003 /* FCVolume.swift in Sources */ = {isa = PBXBuildFile; fileRef = 100000000000000000000003 /* FCVolume.swift */; };
		200000000000000000000004 /* VolumeStore.swift in Sources */ = {isa = PBXBuildFile; fileRef = 100000000000000000000004 /* VolumeStore.swift */; };
		200000000000000000000005 /* DiskService.swift in Sources */ = {isa = PBXBuildFile; fileRef = 100000000000000000000005 /* DiskService.swift */; };
		200000000000000000000006 /* DiskArbitrationWatcher.swift in Sources */ = {isa = PBXBuildFile; fileRef = 100000000000000000000006 /* DiskArbitrationWatcher.swift */; };
		200000000000000000000007 /* LoginItem.swift in Sources */ = {isa = PBXBuildFile; fileRef = 100000000000000000000007 /* LoginItem.swift */; };
		200000000000000000000008 /* MenuContentView.swift in Sources */ = {isa = PBXBuildFile; fileRef = 100000000000000000000008 /* MenuContentView.swift */; };
/* End PBXBuildFile section */

/* Begin PBXFileReference section */
		100000000000000000000001 /* SANUnlinkApp.swift */ = {isa = PBXFileReference; lastKnownFileType = sourcecode.swift; path = SANUnlinkApp.swift; sourceTree = "<group>"; };
		100000000000000000000002 /* AppDelegate.swift */ = {isa = PBXFileReference; lastKnownFileType = sourcecode.swift; path = AppDelegate.swift; sourceTree = "<group>"; };
		100000000000000000000003 /* FCVolume.swift */ = {isa = PBXFileReference; lastKnownFileType = sourcecode.swift; path = FCVolume.swift; sourceTree = "<group>"; };
		100000000000000000000004 /* VolumeStore.swift */ = {isa = PBXFileReference; lastKnownFileType = sourcecode.swift; path = VolumeStore.swift; sourceTree = "<group>"; };
		100000000000000000000005 /* DiskService.swift */ = {isa = PBXFileReference; lastKnownFileType = sourcecode.swift; path = DiskService.swift; sourceTree = "<group>"; };
		100000000000000000000006 /* DiskArbitrationWatcher.swift */ = {isa = PBXFileReference; lastKnownFileType = sourcecode.swift; path = DiskArbitrationWatcher.swift; sourceTree = "<group>"; };
		100000000000000000000007 /* LoginItem.swift */ = {isa = PBXFileReference; lastKnownFileType = sourcecode.swift; path = LoginItem.swift; sourceTree = "<group>"; };
		100000000000000000000008 /* MenuContentView.swift */ = {isa = PBXFileReference; lastKnownFileType = sourcecode.swift; path = MenuContentView.swift; sourceTree = "<group>"; };
		100000000000000000000009 /* Info.plist */ = {isa = PBXFileReference; lastKnownFileType = text.plist.xml; path = Info.plist; sourceTree = "<group>"; };
		100000000000000000000010 /* SANUnlink.entitlements */ = {isa = PBXFileReference; lastKnownFileType = text.plist.entitlements; path = SANUnlink.entitlements; sourceTree = "<group>"; };
		100000000000000000000011 /* SANUnlink.app */ = {isa = PBXFileReference; explicitFileType = wrapper.application; includeInIndex = 0; path = SANUnlink.app; sourceTree = BUILT_PRODUCTS_DIR; };
/* End PBXFileReference section */

/* Begin PBXFrameworksBuildPhase section */
		400000000000000000000002 /* Frameworks */ = {
			isa = PBXFrameworksBuildPhase;
			buildActionMask = 2147483647;
			files = (
			);
			runOnlyForDeploymentPostprocessing = 0;
		};
/* End PBXFrameworksBuildPhase section */

/* Begin PBXGroup section */
		300000000000000000000001 = {
			isa = PBXGroup;
			children = (
				300000000000000000000002 /* SANUnlink */,
				300000000000000000000006 /* Products */,
			);
			sourceTree = "<group>";
		};
		300000000000000000000002 /* SANUnlink */ = {
			isa = PBXGroup;
			children = (
				100000000000000000000001 /* SANUnlinkApp.swift */,
				100000000000000000000002 /* AppDelegate.swift */,
				300000000000000000000003 /* Models */,
				300000000000000000000004 /* Services */,
				300000000000000000000005 /* Views */,
				100000000000000000000009 /* Info.plist */,
				100000000000000000000010 /* SANUnlink.entitlements */,
			);
			path = SANUnlink;
			sourceTree = "<group>";
		};
		300000000000000000000003 /* Models */ = {
			isa = PBXGroup;
			children = (
				100000000000000000000003 /* FCVolume.swift */,
				100000000000000000000004 /* VolumeStore.swift */,
			);
			path = Models;
			sourceTree = "<group>";
		};
		300000000000000000000004 /* Services */ = {
			isa = PBXGroup;
			children = (
				100000000000000000000005 /* DiskService.swift */,
				100000000000000000000006 /* DiskArbitrationWatcher.swift */,
				100000000000000000000007 /* LoginItem.swift */,
			);
			path = Services;
			sourceTree = "<group>";
		};
		300000000000000000000005 /* Views */ = {
			isa = PBXGroup;
			children = (
				100000000000000000000008 /* MenuContentView.swift */,
			);
			path = Views;
			sourceTree = "<group>";
		};
		300000000000000000000006 /* Products */ = {
			isa = PBXGroup;
			children = (
				100000000000000000000011 /* SANUnlink.app */,
			);
			name = Products;
			sourceTree = "<group>";
		};
/* End PBXGroup section */

/* Begin PBXNativeTarget section */
		700000000000000000000001 /* SANUnlink */ = {
			isa = PBXNativeTarget;
			buildConfigurationList = 500000000000000000000002 /* Build configuration list for PBXNativeTarget "SANUnlink" */;
			buildPhases = (
				400000000000000000000001 /* Sources */,
				400000000000000000000002 /* Frameworks */,
				400000000000000000000003 /* Resources */,
			);
			buildRules = (
			);
			dependencies = (
			);
			name = SANUnlink;
			productName = SANUnlink;
			productReference = 100000000000000000000011 /* SANUnlink.app */;
			productType = "com.apple.product-type.application";
		};
/* End PBXNativeTarget section */

/* Begin PBXProject section */
		800000000000000000000001 /* Project object */ = {
			isa = PBXProject;
			attributes = {
				BuildIndependentTargetsInParallel = 1;
				LastSwiftUpdateCheck = 1620;
				LastUpgradeCheck = 1620;
				TargetAttributes = {
					700000000000000000000001 = {
						CreatedOnToolsVersion = 16.2;
					};
				};
			};
			buildConfigurationList = 500000000000000000000001 /* Build configuration list for PBXProject "SANUnlink" */;
			compatibilityVersion = "Xcode 14.0";
			developmentRegion = en;
			hasScannedForEncodings = 0;
			knownRegions = (
				en,
				Base,
			);
			mainGroup = 300000000000000000000001;
			productRefGroup = 300000000000000000000006 /* Products */;
			projectDirPath = "";
			projectRoot = "";
			targets = (
				700000000000000000000001 /* SANUnlink */,
			);
		};
/* End PBXProject section */

/* Begin PBXResourcesBuildPhase section */
		400000000000000000000003 /* Resources */ = {
			isa = PBXResourcesBuildPhase;
			buildActionMask = 2147483647;
			files = (
			);
			runOnlyForDeploymentPostprocessing = 0;
		};
/* End PBXResourcesBuildPhase section */

/* Begin PBXSourcesBuildPhase section */
		400000000000000000000001 /* Sources */ = {
			isa = PBXSourcesBuildPhase;
			buildActionMask = 2147483647;
			files = (
				200000000000000000000001 /* SANUnlinkApp.swift in Sources */,
				200000000000000000000002 /* AppDelegate.swift in Sources */,
				200000000000000000000003 /* FCVolume.swift in Sources */,
				200000000000000000000004 /* VolumeStore.swift in Sources */,
				200000000000000000000005 /* DiskService.swift in Sources */,
				200000000000000000000006 /* DiskArbitrationWatcher.swift in Sources */,
				200000000000000000000007 /* LoginItem.swift in Sources */,
				200000000000000000000008 /* MenuContentView.swift in Sources */,
			);
			runOnlyForDeploymentPostprocessing = 0;
		};
/* End PBXSourcesBuildPhase section */

/* Begin XCBuildConfiguration section */
		600000000000000000000001 /* Debug */ = {
			isa = XCBuildConfiguration;
			buildSettings = {
				ALWAYS_SEARCH_USER_PATHS = NO;
				CLANG_ANALYZER_NONNULL = YES;
				CLANG_ENABLE_MODULES = YES;
				CLANG_ENABLE_OBJC_ARC = YES;
				COPY_PHASE_STRIP = NO;
				DEBUG_INFORMATION_FORMAT = dwarf;
				ENABLE_STRICT_OBJC_MSGSEND = YES;
				ENABLE_TESTABILITY = YES;
				GCC_DYNAMIC_NO_PIC = NO;
				GCC_OPTIMIZATION_LEVEL = 0;
				GCC_PREPROCESSOR_DEFINITIONS = (
					"DEBUG=1",
					"$(inherited)",
				);
				MACOSX_DEPLOYMENT_TARGET = 14.0;
				MTL_ENABLE_DEBUG_INFO = INCLUDE_SOURCE;
				ONLY_ACTIVE_ARCH = YES;
				SDKROOT = macosx;
				SWIFT_ACTIVE_COMPILATION_CONDITIONS = DEBUG;
				SWIFT_OPTIMIZATION_LEVEL = "-Onone";
				SWIFT_VERSION = 5.0;
			};
			name = Debug;
		};
		600000000000000000000002 /* Release */ = {
			isa = XCBuildConfiguration;
			buildSettings = {
				ALWAYS_SEARCH_USER_PATHS = NO;
				CLANG_ANALYZER_NONNULL = YES;
				CLANG_ENABLE_MODULES = YES;
				CLANG_ENABLE_OBJC_ARC = YES;
				COPY_PHASE_STRIP = NO;
				DEBUG_INFORMATION_FORMAT = "dwarf-with-dsym";
				ENABLE_STRICT_OBJC_MSGSEND = YES;
				MACOSX_DEPLOYMENT_TARGET = 14.0;
				MTL_ENABLE_DEBUG_INFO = NO;
				SDKROOT = macosx;
				SWIFT_COMPILATION_MODE = wholemodule;
				SWIFT_OPTIMIZATION_LEVEL = "-O";
				SWIFT_VERSION = 5.0;
			};
			name = Release;
		};
		600000000000000000000003 /* Debug */ = {
			isa = XCBuildConfiguration;
			buildSettings = {
				CODE_SIGN_ENTITLEMENTS = SANUnlink/SANUnlink.entitlements;
				CODE_SIGN_IDENTITY = "-";
				CODE_SIGN_STYLE = Manual;
				CURRENT_PROJECT_VERSION = 1;
				DEVELOPMENT_TEAM = "";
				ENABLE_HARDENED_RUNTIME = YES;
				GENERATE_INFOPLIST_FILE = NO;
				INFOPLIST_FILE = SANUnlink/Info.plist;
				LD_RUNPATH_SEARCH_PATHS = (
					"$(inherited)",
					"@executable_path/../Frameworks",
				);
				MARKETING_VERSION = 1.0;
				PRODUCT_BUNDLE_IDENTIFIER = com.sanunlink.SANUnlink;
				PRODUCT_NAME = "$(TARGET_NAME)";
				PROVISIONING_PROFILE_SPECIFIER = "";
				SWIFT_EMIT_LOC_STRINGS = YES;
			};
			name = Debug;
		};
		600000000000000000000004 /* Release */ = {
			isa = XCBuildConfiguration;
			buildSettings = {
				CODE_SIGN_ENTITLEMENTS = SANUnlink/SANUnlink.entitlements;
				CODE_SIGN_IDENTITY = "-";
				CODE_SIGN_STYLE = Manual;
				CURRENT_PROJECT_VERSION = 1;
				DEVELOPMENT_TEAM = "";
				ENABLE_HARDENED_RUNTIME = YES;
				GENERATE_INFOPLIST_FILE = NO;
				INFOPLIST_FILE = SANUnlink/Info.plist;
				LD_RUNPATH_SEARCH_PATHS = (
					"$(inherited)",
					"@executable_path/../Frameworks",
				);
				MARKETING_VERSION = 1.0;
				PRODUCT_BUNDLE_IDENTIFIER = com.sanunlink.SANUnlink;
				PRODUCT_NAME = "$(TARGET_NAME)";
				PROVISIONING_PROFILE_SPECIFIER = "";
				SWIFT_EMIT_LOC_STRINGS = YES;
			};
			name = Release;
		};
/* End XCBuildConfiguration section */

/* Begin XCConfigurationList section */
		500000000000000000000001 /* Build configuration list for PBXProject "SANUnlink" */ = {
			isa = XCConfigurationList;
			buildConfigurations = (
				600000000000000000000001 /* Debug */,
				600000000000000000000002 /* Release */,
			);
			defaultConfigurationIsVisible = 0;
			defaultConfigurationName = Release;
		};
		500000000000000000000002 /* Build configuration list for PBXNativeTarget "SANUnlink" */ = {
			isa = XCConfigurationList;
			buildConfigurations = (
				600000000000000000000003 /* Debug */,
				600000000000000000000004 /* Release */,
			);
			defaultConfigurationIsVisible = 0;
			defaultConfigurationName = Release;
		};
/* End XCConfigurationList section */
	};
	rootObject = 800000000000000000000001 /* Project object */;
}
